
Microsoft Visual Studio Solution File, Format Version 12.00
# Visual Studio Version 17
VisualStudioVersion = 17.0.32112.339
MinimumVisualStudioVersion = 10.0.40219.1
Project("{FAE04EC0-301F-11D3-BF4B-00C04F79EFBC}") = "ECommerce.API", "ECommerce.API\ECommerce.API.csproj", "{7A87108B-FFD4-4285-B543-76FFC6F3E232}"
EndProject
Project("{FAE04EC0-301F-11D3-BF4B-00C04F79EFBC}") = "ECommerce.Core", "ECommerce.Core\ECommerce.Core.csproj", "{3A5BB703-3F62-4916-A4CA-9519D48D5656}"
EndProject
Project("{FAE04EC0-301F-11D3-BF4B-00C04F79EFBC}") = "ECommerce.Application", "ECommerce.Application\ECommerce.Application.csproj", "{D1256505-2A72-4F26-B031-9FC0B0E98339}"
EndProject
Project("{FAE04EC0-301F-11D3-BF4B-00C04F79EFBC}") = "ECommerce.Infrastructure", "ECommerce.Infrastructure\ECommerce.Infrastructure.csproj", "{19AF00E3-72CF-4DAF-834B-EF30EF7D3CBC}"
EndProject
Global
	GlobalSection(SolutionConfigurationPlatforms) = preSolution
		Debug|Any CPU = Debug|Any CPU
		Release|Any CPU = Release|Any CPU
	EndGlobalSection
	GlobalSection(ProjectConfigurationPlatforms) = postSolution
		{7A87108B-FFD4-4285-B543-76FFC6F3E232}.Debug|Any CPU.ActiveCfg = Debug|Any CPU
		{7A87108B-FFD4-4285-B543-76FFC6F3E232}.Debug|Any CPU.Build.0 = Debug|Any CPU
		{7A87108B-FFD4-4285-B543-76FFC6F3E232}.Release|Any CPU.ActiveCfg = Release|Any CPU
		{7A87108B-FFD4-4285-B543-76FFC6F3E232}.Release|Any CPU.Build.0 = Release|Any CPU
		{3A5BB703-3F62-4916-A4CA-9519D48D5656}.Debug|Any CPU.ActiveCfg = Debug|Any CPU
		{3A5BB703-3F62-4916-A4CA-9519D48D5656}.Debug|Any CPU.Build.0 = Debug|Any CPU
		{3A5BB703-3F62-4916-A4CA-9519D48D5656}.Release|Any CPU.ActiveCfg = Release|Any CPU
		{3A5BB703-3F62-4916-A4CA-9519D48D5656}.Release|Any CPU.Build.0 = Release|Any CPU
		{D1256505-2A72-4F26-B031-9FC0B0E98339}.Debug|Any CPU.ActiveCfg = Debug|Any CPU
		{D1256505-2A72-4F26-B031-9FC0B0E98339}.Debug|Any CPU.Build.0 = Debug|Any CPU
		{D1256505-2A72-4F26-B031-9FC0B0E98339}.Release|Any CPU.ActiveCfg = Release|Any CPU
		{D1256505-2A72-4F26-B031-9FC0B0E98339}.Release|Any CPU.Build.0 = Release|Any CPU
		{19AF00E3-72CF-4DAF-834B-EF30EF7D3CBC}.Debug|Any CPU.ActiveCfg = Debug|Any CPU
		{19AF00E3-72CF-4DAF-834B-EF30EF7D3CBC}.Debug|Any CPU.Build.0 = Debug|Any CPU
		{19AF00E3-72CF-4DAF-834B-EF30EF7D3CBC}.Release|Any CPU.ActiveCfg = Release|Any CPU
		{19AF00E3-72CF-4DAF-834B-EF30EF7D3CBC}.Release|Any CPU.Build.0 = Release|Any CPU
	EndGlobalSection
	GlobalSection(SolutionProperties) = preSolution
		HideSolutionNode = FALSE
	EndGlobalSection
	GlobalSection(ExtensibilityGlobals) = postSolution
		SolutionGuid = {F6A75745-F251-4F95-BFE3-26BC3225A6ED}
	EndGlobalSection
EndGlobal
